// !$*UTF8*$!
{
	archiveVersion = 1;
	classes = {
	};
	objectVersion = 46;
	objects = {

/* Begin PBXBuildFile section */
		45709A021DBFB3CF00D8B141 /* StudentTableViewCell.swift in Sources */ = {isa = PBXBuildFile; fileRef = 45709A011DBFB3CF00D8B141 /* StudentTableViewCell.swift */; };
		45709A071DBFB4C900D8B141 /* ClassEntity+CoreDataClass.swift in Sources */ = {isa = PBXBuildFile; fileRef = 45709A031DBFB4C900D8B141 /* ClassEntity+CoreDataClass.swift */; };
		45709A081DBFB4C900D8B141 /* ClassEntity+CoreDataProperties.swift in Sources */ = {isa = PBXBuildFile; fileRef = 45709A041DBFB4C900D8B141 /* ClassEntity+CoreDataProperties.swift */; };
		45709A091DBFB4C900D8B141 /* StudentEntity+CoreDataClass.swift in Sources */ = {isa = PBXBuildFile; fileRef = 45709A051DBFB4C900D8B141 /* StudentEntity+CoreDataClass.swift */; };
		45709A0A1DBFB4C900D8B141 /* StudentEntity+CoreDataProperties.swift in Sources */ = {isa = PBXBuildFile; fileRef = 45709A061DBFB4C900D8B141 /* StudentEntity+CoreDataProperties.swift */; };
		45709A0C1DBFB73700D8B141 /* StudentViewController.swift in Sources */ = {isa = PBXBuildFile; fileRef = 45709A0B1DBFB73700D8B141 /* StudentViewController.swift */; };
		45709A0E1DBFBF4800D8B141 /* CreateStudentViewController.swift in Sources */ = {isa = PBXBuildFile; fileRef = 45709A0D1DBFBF4800D8B141 /* CreateStudentViewController.swift */; };
		457E33181DBEEC26008C32F5 /* CreateClassViewController.swift in Sources */ = {isa = PBXBuildFile; fileRef = 457E33171DBEEC26008C32F5 /* CreateClassViewController.swift */; };
		457E331B1DBEEC36008C32F5 /* ClassTableViewCell.swift in Sources */ = {isa = PBXBuildFile; fileRef = 457E331A1DBEEC36008C32F5 /* ClassTableViewCell.swift */; };
		45B1B97C1DBE476300172809 /* AppDelegate.swift in Sources */ = {isa = PBXBuildFile; fileRef = 45B1B97B1DBE476300172809 /* AppDelegate.swift */; };
		45B1B9811DBE476300172809 /* Main.storyboard in Resources */ = {isa = PBXBuildFile; fileRef = 45B1B97F1DBE476300172809 /* Main.storyboard */; };
		45B1B9861DBE476300172809 /* Assets.xcassets in Resources */ = {isa = PBXBuildFile; fileRef = 45B1B9851DBE476300172809 /* Assets.xcassets */; };
		45B1B9891DBE476300172809 /* LaunchScreen.storyboard in Resources */ = {isa = PBXBuildFile; fileRef = 45B1B9871DBE476300172809 /* LaunchScreen.storyboard */; };
		45B1B9AA1DBE5F6A00172809 /* Day06_homework.xcdatamodeld in Sources */ = {isa = PBXBuildFile; fileRef = 45B1B9A31DBE5F6A00172809 /* Day06_homework.xcdatamodeld */; };
		45B1B9B01DBE5F9900172809 /* DataManager.swift in Sources */ = {isa = PBXBuildFile; fileRef = 45B1B9AF1DBE5F9900172809 /* DataManager.swift */; };
		45B1B9BA1DBE734E00172809 /* ClassesViewController.swift in Sources */ = {isa = PBXBuildFile; fileRef = 45B1B9B91DBE734E00172809 /* ClassesViewController.swift */; };
/* End PBXBuildFile section */

/* Begin PBXFileReference section */
		45709A011DBFB3CF00D8B141 /* StudentTableViewCell.swift */ = {isa = PBXFileReference; fileEncoding = 4; lastKnownFileType = sourcecode.swift; path = StudentTableViewCell.swift; sourceTree = "<group>"; };
		45709A031DBFB4C900D8B141 /* ClassEntity+CoreDataClass.swift */ = {isa = PBXFileReference; fileEncoding = 4; lastKnownFileType = sourcecode.swift; path = "ClassEntity+CoreDataClass.swift"; sourceTree = "<group>"; };
		45709A041DBFB4C900D8B141 /* ClassEntity+CoreDataProperties.swift */ = {isa = PBXFileReference; fileEncoding = 4; lastKnownFileType = sourcecode.swift; path = "ClassEntity+CoreDataProperties.swift"; sourceTree = "<group>"; };
		45709A051DBFB4C900D8B141 /* StudentEntity+CoreDataClass.swift */ = {isa = PBXFileReference; fileEncoding = 4; lastKnownFileType = sourcecode.swift; path = "StudentEntity+CoreDataClass.swift"; sourceTree = "<group>"; };
		45709A061DBFB4C900D8B141 /* StudentEntity+CoreDataProperties.swift */ = {isa = PBXFileReference; fileEncoding = 4; lastKnownFileType = sourcecode.swift; path = "StudentEntity+CoreDataProperties.swift"; sourceTree = "<group>"; };
		45709A0B1DBFB73700D8B141 /* StudentViewController.swift */ = {isa = PBXFileReference; fileEncoding = 4; lastKnownFileType = sourcecode.swift; path = StudentViewController.swift; sourceTree = "<group>"; };
		45709A0D1DBFBF4800D8B141 /* CreateStudentViewController.swift */ = {isa = PBXFileReference; fileEncoding = 4; lastKnownFileType = sourcecode.swift; path = CreateStudentViewController.swift; sourceTree = "<group>"; };
		457E33171DBEEC26008C32F5 /* CreateClassViewController.swift */ = {isa = PBXFileReference; fileEncoding = 4; lastKnownFileType = sourcecode.swift; path = CreateClassViewController.swift; sourceTree = "<group>"; };
		457E331A1DBEEC36008C32F5 /* ClassTableViewCell.swift */ = {isa = PBXFileReference; fileEncoding = 4; lastKnownFileType = sourcecode.swift; path = ClassTableViewCell.swift; sourceTree = "<group>"; };
		45B1B9781DBE476300172809 /* Day06-homework.app */ = {isa = PBXFileReference; explicitFileType = wrapper.application; includeInIndex = 0; path = "Day06-homework.app"; sourceTree = BUILT_PRODUCTS_DIR; };
		45B1B97B1DBE476300172809 /* AppDelegate.swift */ = {isa = PBXFileReference; lastKnownFileType = sourcecode.swift; path = AppDelegate.swift; sourceTree = "<group>"; };
		45B1B9801DBE476300172809 /* Base */ = {isa = PBXFileReference; lastKnownFileType = file.storyboard; name = Base; path = Base.lproj/Main.storyboard; sourceTree = "<group>"; };
		45B1B9851DBE476300172809 /* Assets.xcassets */ = {isa = PBXFileReference; lastKnownFileType = folder.assetcatalog; path = Assets.xcassets; sourceTree = "<group>"; };
		45B1B9881DBE476300172809 /* Base */ = {isa = PBXFileReference; lastKnownFileType = file.storyboard; name = Base; path = Base.lproj/LaunchScreen.storyboard; sourceTree = "<group>"; };
		45B1B98A1DBE476300172809 /* Info.plist */ = {isa = PBXFileReference; lastKnownFileType = text.plist.xml; path = Info.plist; sourceTree = "<group>"; };
		45B1B9A41DBE5F6A00172809 /* Day06_homework.xcdatamodel */ = {isa = PBXFileReference; lastKnownFileType = wrapper.xcdatamodel; path = Day06_homework.xcdatamodel; sourceTree = "<group>"; };
		45B1B9AF1DBE5F9900172809 /* DataManager.swift */ = {isa = PBXFileReference; fileEncoding = 4; lastKnownFileType = sourcecode.swift; path = DataManager.swift; sourceTree = "<group>"; };
		45B1B9B91DBE734E00172809 /* ClassesViewController.swift */ = {isa = PBXFileReference; fileEncoding = 4; lastKnownFileType = sourcecode.swift; path = ClassesViewController.swift; sourceTree = "<group>"; };
/* End PBXFileReference section */

/* Begin PBXFrameworksBuildPhase section */
		45B1B9751DBE476300172809 /* Frameworks */ = {
			isa = PBXFrameworksBuildPhase;
			buildActionMask = 2147483647;
			files = (
			);
			runOnlyForDeploymentPostprocessing = 0;
		};
/* End PBXFrameworksBuildPhase section */

/* Begin PBXGroup section */
		457E33191DBEEC36008C32F5 /* TableViewCells */ = {
			isa = PBXGroup;
			children = (
				457E331A1DBEEC36008C32F5 /* ClassTableViewCell.swift */,
				45709A011DBFB3CF00D8B141 /* StudentTableViewCell.swift */,
			);
			path = TableViewCells;
			sourceTree = "<group>";
		};
		45B1B96F1DBE476300172809 = {
			isa = PBXGroup;
			children = (
				45B1B97A1DBE476300172809 /* Day06-homework */,
				45B1B9791DBE476300172809 /* Products */,
			);
			sourceTree = "<group>";
		};
		45B1B9791DBE476300172809 /* Products */ = {
			isa = PBXGroup;
			children = (
				45B1B9781DBE476300172809 /* Day06-homework.app */,
			);
			name = Products;
			sourceTree = "<group>";
		};
		45B1B97A1DBE476300172809 /* Day06-homework */ = {
			isa = PBXGroup;
			children = (
				45B1B97B1DBE476300172809 /* AppDelegate.swift */,
				45B1B97F1DBE476300172809 /* Main.storyboard */,
				457E33191DBEEC36008C32F5 /* TableViewCells */,
				45B1B9B81DBE734E00172809 /* ViewControllers */,
				45B1B9851DBE476300172809 /* Assets.xcassets */,
				45B1B9871DBE476300172809 /* LaunchScreen.storyboard */,
				45B1B98A1DBE476300172809 /* Info.plist */,
				45B1B9A21DBE5F6A00172809 /* Data Manager */,
			);
			path = "Day06-homework";
			sourceTree = "<group>";
		};
		45B1B9A21DBE5F6A00172809 /* Data Manager */ = {
			isa = PBXGroup;
			children = (
				45B1B9AF1DBE5F9900172809 /* DataManager.swift */,
				45B1B9A31DBE5F6A00172809 /* Day06_homework.xcdatamodeld */,
				45B1B9A51DBE5F6A00172809 /* Entities */,
			);
			path = "Data Manager";
			sourceTree = "<group>";
		};
		45B1B9A51DBE5F6A00172809 /* Entities */ = {
			isa = PBXGroup;
			children = (
				45709A031DBFB4C900D8B141 /* ClassEntity+CoreDataClass.swift */,
				45709A041DBFB4C900D8B141 /* ClassEntity+CoreDataProperties.swift */,
				45709A051DBFB4C900D8B141 /* StudentEntity+CoreDataClass.swift */,
				45709A061DBFB4C900D8B141 /* StudentEntity+CoreDataProperties.swift */,
			);
			path = Entities;
			sourceTree = "<group>";
		};
		45B1B9B81DBE734E00172809 /* ViewControllers */ = {
			isa = PBXGroup;
			children = (
				45B1B9B91DBE734E00172809 /* ClassesViewController.swift */,
				45709A0B1DBFB73700D8B141 /* StudentViewController.swift */,
				457E33171DBEEC26008C32F5 /* CreateClassViewController.swift */,
				45709A0D1DBFBF4800D8B141 /* CreateStudentViewController.swift */,
			);
			path = ViewControllers;
			sourceTree = "<group>";
		};
/* End PBXGroup section */

/* Begin PBXNativeTarget section */
		45B1B9771DBE476300172809 /* Day06-homework */ = {
			isa = PBXNativeTarget;
			buildConfigurationList = 45B1B98D1DBE476300172809 /* Build configuration list for PBXNativeTarget "Day06-homework" */;
			buildPhases = (
				45B1B9741DBE476300172809 /* Sources */,
				45B1B9751DBE476300172809 /* Frameworks */,
				45B1B9761DBE476300172809 /* Resources */,
			);
			buildRules = (
			);
			dependencies = (
			);
			name = "Day06-homework";
			productName = "Day06-homework";
			productReference = 45B1B9781DBE476300172809 /* Day06-homework.app */;
			productType = "com.apple.product-type.application";
		};
/* End PBXNativeTarget section */

/* Begin PBXProject section */
		45B1B9701DBE476300172809 /* Project object */ = {
			isa = PBXProject;
			attributes = {
				LastSwiftUpdateCheck = 0800;
				LastUpgradeCheck = 0800;
				ORGANIZATIONNAME = Enrik;
				TargetAttributes = {
					45B1B9771DBE476300172809 = {
						CreatedOnToolsVersion = 8.0;
						ProvisioningStyle = Automatic;
					};
				};
			};
			buildConfigurationList = 45B1B9731DBE476300172809 /* Build configuration list for PBXProject "Day06-homework" */;
			compatibilityVersion = "Xcode 3.2";
			developmentRegion = English;
			hasScannedForEncodings = 0;
			knownRegions = (
				en,
				Base,
			);
			mainGroup = 45B1B96F1DBE476300172809;
			productRefGroup = 45B1B9791DBE476300172809 /* Products */;
			projectDirPath = "";
			projectRoot = "";
			targets = (
				45B1B9771DBE476300172809 /* Day06-homework */,
			);
		};
/* End PBXProject section */

/* Begin PBXResourcesBuildPhase section */
		45B1B9761DBE476300172809 /* Resources */ = {
			isa = PBXResourcesBuildPhase;
			buildActionMask = 2147483647;
			files = (
				45B1B9891DBE476300172809 /* LaunchScreen.storyboard in Resources */,
				45B1B9861DBE476300172809 /* Assets.xcassets in Resources */,
				45B1B9811DBE476300172809 /* Main.storyboard in Resources */,
			);
			runOnlyForDeploymentPostprocessing = 0;
		};
/* End PBXResourcesBuildPhase section */

/* Begin PBXSourcesBuildPhase section */
		45B1B9741DBE476300172809 /* Sources */ = {
			isa = PBXSourcesBuildPhase;
			buildActionMask = 2147483647;
			files = (
				45709A0C1DBFB73700D8B141 /* StudentViewController.swift in Sources */,
				45B1B9B01DBE5F9900172809 /* DataManager.swift in Sources */,
				45709A071DBFB4C900D8B141 /* ClassEntity+CoreDataClass.swift in Sources */,
				45709A091DBFB4C900D8B141 /* StudentEntity+CoreDataClass.swift in Sources */,
				45B1B9AA1DBE5F6A00172809 /* Day06_homework.xcdatamodeld in Sources */,
				45709A0E1DBFBF4800D8B141 /* CreateStudentViewController.swift in Sources */,
				45B1B9BA1DBE734E00172809 /* ClassesViewController.swift in Sources */,
				457E33181DBEEC26008C32F5 /* CreateClassViewController.swift in Sources */,
				457E331B1DBEEC36008C32F5 /* ClassTableViewCell.swift in Sources */,
				45709A081DBFB4C900D8B141 /* ClassEntity+CoreDataProperties.swift in Sources */,
				45709A021DBFB3CF00D8B141 /* StudentTableViewCell.swift in Sources */,
				45B1B97C1DBE476300172809 /* AppDelegate.swift in Sources */,
				45709A0A1DBFB4C900D8B141 /* StudentEntity+CoreDataProperties.swift in Sources */,
			);
			runOnlyForDeploymentPostprocessing = 0;
		};
/* End PBXSourcesBuildPhase section */

/* Begin PBXVariantGroup section */
		45B1B97F1DBE476300172809 /* Main.storyboard */ = {
			isa = PBXVariantGroup;
			children = (
				45B1B9801DBE476300172809 /* Base */,
			);
			name = Main.storyboard;
			sourceTree = "<group>";
		};
		45B1B9871DBE476300172809 /* LaunchScreen.storyboard */ = {
			isa = PBXVariantGroup;
			children = (
				45B1B9881DBE476300172809 /* Base */,
			);
			name = LaunchScreen.storyboard;
			sourceTree = "<group>";
		};
/* End PBXVariantGroup section */

/* Begin XCBuildConfiguration section */
		45B1B98B1DBE476300172809 /* Debug */ = {
			isa = XCBuildConfiguration;
			buildSettings = {
				ALWAYS_SEARCH_USER_PATHS = NO;
				CLANG_ANALYZER_NONNULL = YES;
				CLANG_CXX_LANGUAGE_STANDARD = "gnu++0x";
				CLANG_CXX_LIBRARY = "libc++";
				CLANG_ENABLE_MODULES = YES;
				CLANG_ENABLE_OBJC_ARC = YES;
				CLANG_WARN_BOOL_CONVERSION = YES;
				CLANG_WARN_CONSTANT_CONVERSION = YES;
				CLANG_WARN_DIRECT_OBJC_ISA_USAGE = YES_ERROR;
				CLANG_WARN_DOCUMENTATION_COMMENTS = YES;
				CLANG_WARN_EMPTY_BODY = YES;
				CLANG_WARN_ENUM_CONVERSION = YES;
				CLANG_WARN_INFINITE_RECURSION = YES;
				CLANG_WARN_INT_CONVERSION = YES;
				CLANG_WARN_OBJC_ROOT_CLASS = YES_ERROR;
				CLANG_WARN_SUSPICIOUS_MOVES = YES;
				CLANG_WARN_UNREACHABLE_CODE = YES;
				CLANG_WARN__DUPLICATE_METHOD_MATCH = YES;
				"CODE_SIGN_IDENTITY[sdk=iphoneos*]" = "iPhone Developer";
				COPY_PHASE_STRIP = NO;
				DEBUG_INFORMATION_FORMAT = dwarf;
				ENABLE_STRICT_OBJC_MSGSEND = YES;
				ENABLE_TESTABILITY = YES;
				GCC_C_LANGUAGE_STANDARD = gnu99;
				GCC_DYNAMIC_NO_PIC = NO;
				GCC_NO_COMMON_BLOCKS = YES;
				GCC_OPTIMIZATION_LEVEL = 0;
				GCC_PREPROCESSOR_DEFINITIONS = (
					"DEBUG=1",
					"$(inherited)",
				);
				GCC_WARN_64_TO_32_BIT_CONVERSION = YES;
				GCC_WARN_ABOUT_RETURN_TYPE = YES_ERROR;
				GCC_WARN_UNDECLARED_SELECTOR = YES;
				GCC_WARN_UNINITIALIZED_AUTOS = YES_AGGRESSIVE;
				GCC_WARN_UNUSED_FUNCTION = YES;
				GCC_WARN_UNUSED_VARIABLE = YES;
				IPHONEOS_DEPLOYMENT_TARGET = 10.0;
				MTL_ENABLE_DEBUG_INFO = YES;
				ONLY_ACTIVE_ARCH = YES;
				SDKROOT = iphoneos;
				SWIFT_ACTIVE_COMPILATION_CONDITIONS = DEBUG;
				SWIFT_OPTIMIZATION_LEVEL = "-Onone";
			};
			name = Debug;
		};
		45B1B98C1DBE476300172809 /* Release */ = {
			isa = XCBuildConfiguration;
			buildSettings = {
				ALWAYS_SEARCH_USER_PATHS = NO;
				CLANG_ANALYZER_NONNULL = YES;
				CLANG_CXX_LANGUAGE_STANDARD = "gnu++0x";
				CLANG_CXX_LIBRARY = "libc++";
				CLANG_ENABLE_MODULES = YES;
				CLANG_ENABLE_OBJC_ARC = YES;
				CLANG_WARN_BOOL_CONVERSION = YES;
				CLANG_WARN_CONSTANT_CONVERSION = YES;
				CLANG_WARN_DIRECT_OBJC_ISA_USAGE = YES_ERROR;
				CLANG_WARN_DOCUMENTATION_COMMENTS = YES;
				CLANG_WARN_EMPTY_BODY = YES;
				CLANG_WARN_ENUM_CONVERSION = YES;
				CLANG_WARN_INFINITE_RECURSION = YES;
				CLANG_WARN_INT_CONVERSION = YES;
				CLANG_WARN_OBJC_ROOT_CLASS = YES_ERROR;
				CLANG_WARN_SUSPICIOUS_MOVES = YES;
				CLANG_WARN_UNREACHABLE_CODE = YES;
				CLANG_WARN__DUPLICATE_METHOD_MATCH = YES;
				"CODE_SIGN_IDENTITY[sdk=iphoneos*]" = "iPhone Developer";
				COPY_PHASE_STRIP = NO;
				DEBUG_INFORMATION_FORMAT = "dwarf-with-dsym";
				ENABLE_NS_ASSERTIONS = NO;
				ENABLE_STRICT_OBJC_MSGSEND = YES;
				GCC_C_LANGUAGE_STANDARD = gnu99;
				GCC_NO_COMMON_BLOCKS = YES;
				GCC_WARN_64_TO_32_BIT_CONVERSION = YES;
				GCC_WARN_ABOUT_RETURN_TYPE = YES_ERROR;
				GCC_WARN_UNDECLARED_SELECTOR = YES;
				GCC_WARN_UNINITIALIZED_AUTOS = YES_AGGRESSIVE;
				GCC_WARN_UNUSED_FUNCTION = YES;
				GCC_WARN_UNUSED_VARIABLE = YES;
				IPHONEOS_DEPLOYMENT_TARGET = 10.0;
				MTL_ENABLE_DEBUG_INFO = NO;
				SDKROOT = iphoneos;
				SWIFT_OPTIMIZATION_LEVEL = "-Owholemodule";
				VALIDATE_PRODUCT = YES;
			};
			name = Release;
		};
		45B1B98E1DBE476300172809 /* Debug */ = {
			isa = XCBuildConfiguration;
			buildSettings = {
				ASSETCATALOG_COMPILER_APPICON_NAME = AppIcon;
				INFOPLIST_FILE = "Day06-homework/Info.plist";
				LD_RUNPATH_SEARCH_PATHS = "$(inherited) @executable_path/Frameworks";
				PRODUCT_BUNDLE_IDENTIFIER = "com.ddc.Day06-homework";
				PRODUCT_NAME = "$(TARGET_NAME)";
				SWIFT_VERSION = 3.0;
			};
			name = Debug;
		};
		45B1B98F1DBE476300172809 /* Release */ = {
			isa = XCBuildConfiguration;
			buildSettings = {
				ASSETCATALOG_COMPILER_APPICON_NAME = AppIcon;
				INFOPLIST_FILE = "Day06-homework/Info.plist";
				LD_RUNPATH_SEARCH_PATHS = "$(inherited) @executable_path/Frameworks";
				PRODUCT_BUNDLE_IDENTIFIER = "com.ddc.Day06-homework";
				PRODUCT_NAME = "$(TARGET_NAME)";
				SWIFT_VERSION = 3.0;
			};
			name = Release;
		};
/* End XCBuildConfiguration section */

/* Begin XCConfigurationList section */
		45B1B9731DBE476300172809 /* Build configuration list for PBXProject "Day06-homework" */ = {
			isa = XCConfigurationList;
			buildConfigurations = (
				45B1B98B1DBE476300172809 /* Debug */,
				45B1B98C1DBE476300172809 /* Release */,
			);
			defaultConfigurationIsVisible = 0;
			defaultConfigurationName = Release;
		};
		45B1B98D1DBE476300172809 /* Build configuration list for PBXNativeTarget "Day06-homework" */ = {
			isa = XCConfigurationList;
			buildConfigurations = (
				45B1B98E1DBE476300172809 /* Debug */,
				45B1B98F1DBE476300172809 /* Release */,
			);
			defaultConfigurationIsVisible = 0;
			defaultConfigurationName = Release;
		};
/* End XCConfigurationList section */

/* Begin XCVersionGroup section */
		45B1B9A31DBE5F6A00172809 /* Day06_homework.xcdatamodeld */ = {
			isa = XCVersionGroup;
			children = (
				45B1B9A41DBE5F6A00172809 /* Day06_homework.xcdatamodel */,
			);
			currentVersion = 45B1B9A41DBE5F6A00172809 /* Day06_homework.xcdatamodel */;
			path = Day06_homework.xcdatamodeld;
			sourceTree = "<group>";
			versionGroupType = wrapper.xcdatamodel;
		};
/* End XCVersionGroup section */
	};
	rootObject = 45B1B9701DBE476300172809 /* Project object */;
}
